
Microsoft Visual Studio Solution File, Format Version 12.00
# Visual Studio Version 16
VisualStudioVersion = 16.0.34114.132
MinimumVisualStudioVersion = 10.0.40219.1
Project("{FAE04EC0-301F-11D3-BF4B-00C04F79EFBC}") = "NucleotideCountApp", "NucleotideCountApp.csproj", "{0DD735A3-E690-4D83-B4AA-05680A7A808C}"
EndProject
Global
	GlobalSection(SolutionConfigurationPlatforms) = preSolution
		Debug|Any CPU = Debug|Any CPU
		Release|Any CPU = Release|Any CPU
	EndGlobalSection
	GlobalSection(ProjectConfigurationPlatforms) = postSolution
		{0DD735A3-E690-4D83-B4AA-05680A7A808C}.Debug|Any CPU.ActiveCfg = Debug|Any CPU
		{0DD735A3-E690-4D83-B4AA-05680A7A808C}.Debug|Any CPU.Build.0 = Debug|Any CPU
		{0DD735A3-E690-4D83-B4AA-05680A7A808C}.Release|Any CPU.ActiveCfg = Release|Any CPU
		{0DD735A3-E690-4D83-B4AA-05680A7A808C}.Release|Any CPU.Build.0 = Release|Any CPU
	EndGlobalSection
	GlobalSection(SolutionProperties) = preSolution
		HideSolutionNode = FALSE
	EndGlobalSection
	GlobalSection(ExtensibilityGlobals) = postSolution
		SolutionGuid = {D71448D8-C6F0-462E-8166-CF9A1F74DA6A}
	EndGlobalSection
EndGlobal
